	<Project xmlns="http://schemas.microsoft.com/developer/msbuild/2003">
		<PropertyGroup>
			<ProjectGuid>{4CE0417E-A3A8-4D70-A505-A8F3EBB1045B}</ProjectGuid>
			<MainSource>YTD.dpr</MainSource>
			<Config Condition="'$(Config)'==''">Debug</Config>
			<DCC_DCCCompiler>DCC32</DCC_DCCCompiler>
			<ProjectVersion>12.0</ProjectVersion>
		</PropertyGroup>
		<PropertyGroup Condition="'$(Config)'=='Base' or '$(Base)'!=''">
			<Base>true</Base>
		</PropertyGroup>
		<PropertyGroup Condition="'$(Config)'=='Release' or '$(Cfg_1)'!=''">
			<Cfg_1>true</Cfg_1>
			<CfgParent>Base</CfgParent>
			<Base>true</Base>
		</PropertyGroup>
		<PropertyGroup Condition="'$(Config)'=='Debug' or '$(Cfg_2)'!=''">
			<Cfg_2>true</Cfg_2>
			<CfgParent>Base</CfgParent>
			<Base>true</Base>
		</PropertyGroup>
		<PropertyGroup Condition="'$(Base)'!=''">
			<DCC_ExeOutput>..\bin</DCC_ExeOutput>
			<DCC_UnitSearchPath>lib\pepak;lib\pepak\apiform;lib\dxgettext\delphi2009;lib\fastmm;lib\lkjson;lib\msdl\src;lib\NativeXml;lib\perlregex;lib\rtmpdump;lib\scizipfile;lib\synapse\source\lib;Units;$(DCC_UnitSearchPath)</DCC_UnitSearchPath>
			<DCC_Define>PEPAK;PEPAK_YTD;XXX;$(DCC_Define)</DCC_Define>
			<DCC_DcuOutput>units</DCC_DcuOutput>
			<DCC_DependencyCheckOutputName>..\bin\YTD.exe</DCC_DependencyCheckOutputName>
			<DCC_ImageBase>00400000</DCC_ImageBase>
			<DCC_Platform>x86</DCC_Platform>
		</PropertyGroup>
		<PropertyGroup Condition="'$(Cfg_1)'!=''">
			<DCC_LocalDebugSymbols>false</DCC_LocalDebugSymbols>
			<DCC_Define>RELEASE;$(DCC_Define)</DCC_Define>
			<DCC_SymbolReferenceInfo>0</DCC_SymbolReferenceInfo>
			<DCC_DebugInformation>false</DCC_DebugInformation>
		</PropertyGroup>
		<PropertyGroup Condition="'$(Cfg_2)'!=''">
			<DCC_Define>DEBUG;$(DCC_Define)</DCC_Define>
		</PropertyGroup>
		<ItemGroup>
			<DelphiCompile Include="YTD.dpr">
				<MainSource>MainSource</MainSource>
			</DelphiCompile>
			<DCCReference Include="Common\uLanguages.pas"/>
			<DCCReference Include="Common\uMain.pas"/>
			<DCCReference Include="Common\uFlvFile.pas"/>
			<DCCReference Include="Common\uFunctions.pas"/>
			<DCCReference Include="Common\uHttp.pas"/>
			<DCCReference Include="Common\uMessages.pas"/>
			<DCCReference Include="Common\uOptions.pas"/>
			<DCCReference Include="Common\uStringConsts.pas"/>
			<DCCReference Include="Common\uScripts.pas"/>
			<DCCReference Include="Common\uUpgrade.pas"/>
			<DCCReference Include="Common\uDownloadClassifier.pas"/>
			<DCCReference Include="Base\uDownloader.pas"/>
			<DCCReference Include="Base\uCommonDownloader.pas"/>
			<DCCReference Include="Base\uDummyDownloader.pas"/>
			<DCCReference Include="Base\uHttpDownloader.pas"/>
			<DCCReference Include="Base\uHttpDirectDownloader.pas"/>
			<DCCReference Include="Base\uExternalDownloader.pas"/>
			<DCCReference Include="Base\uMSDownloader.pas"/>
			<DCCReference Include="Base\uMSDirectDownloader.pas"/>
			<DCCReference Include="Base\uNestedDownloader.pas"/>
			<DCCReference Include="Base\uNestedDirectDownloader.pas"/>
			<DCCReference Include="Base\uVarNestedDownloader.pas"/>
			<DCCReference Include="Base\uRtmpDownloader.pas"/>
			<DCCReference Include="Base\uRtmpDirectDownloader.pas"/>
			<DCCReference Include="Base\uPlaylistDownloader.pas"/>
			<DCCReference Include="Base\uHDSDownloader.pas"/>
			<DCCReference Include="Base\uHDSDirectDownloader.pas"/>
			<DCCReference Include="Base\uHLSDownloader.pas"/>
			<DCCReference Include="Base\uHLSDirectDownloader.pas"/>
			<DCCReference Include="Base\uScriptedDownloader.pas"/>
			<DCCReference Include="Downloaders\down1hdRo.pas"/>
			<DCCReference Include="Downloaders\down3NewsCoNz.pas"/>
			<DCCReference Include="Downloaders\down4TV.pas"/>
			<DCCReference Include="Downloaders\down5min.pas"/>
			<DCCReference Include="Downloaders\downAcademicEarth.pas"/>
			<DCCReference Include="Downloaders\downAgresori.pas"/>
			<DCCReference Include="Downloaders\downAlternativaTV.pas"/>
			<DCCReference Include="Downloaders\downAncensored.pas"/>
			<DCCReference Include="Downloaders\downAngryAlien.pas"/>
			<DCCReference Include="Downloaders\downAnimacekTv.pas"/>
			<DCCReference Include="Downloaders\downArchive.pas"/>
			<DCCReference Include="Downloaders\downAutoTube.pas"/>
			<DCCReference Include="Downloaders\downAzetSk.pas"/>
			<DCCReference Include="Downloaders\downBahnorama.pas"/>
			<DCCReference Include="Downloaders\downBandZone.pas"/>
			<DCCReference Include="Downloaders\downBarrandovTV.pas"/>
			<DCCReference Include="Downloaders\downBBCNews.pas"/>
			<DCCReference Include="Downloaders\downBlennus.pas"/>
			<DCCReference Include="Downloaders\downBlipTv_Embed.pas"/>
			<DCCReference Include="Downloaders\downBlipTv.pas"/>
			<DCCReference Include="Downloaders\downBMovies.pas"/>
			<DCCReference Include="Downloaders\downBofunk.pas"/>
			<DCCReference Include="Downloaders\downBolt.pas"/>
			<DCCReference Include="Downloaders\downBomba.pas"/>
			<DCCReference Include="Downloaders\downBreak.pas"/>
			<DCCReference Include="Downloaders\downBreakEmbed.pas"/>
			<DCCReference Include="Downloaders\downBreakEmbedV2.pas"/>
			<DCCReference Include="Downloaders\downBritishPathe.pas"/>
			<DCCReference Include="Downloaders\downBTVCz.pas"/>
			<DCCReference Include="Downloaders\downCasSk.pas"/>
			<DCCReference Include="Downloaders\downCeskeDrahy.pas"/>
			<DCCReference Include="Downloaders\downCesnet.pas"/>
			<DCCReference Include="Downloaders\downCKKlic.pas"/>
			<DCCReference Include="Downloaders\downClevver.pas"/>
			<DCCReference Include="Downloaders\downClipfish.pas"/>
			<DCCReference Include="Downloaders\downClipfishV2.pas"/>
			<DCCReference Include="Downloaders\downCNBC.pas"/>
			<DCCReference Include="Downloaders\downCollegeHumor.pas"/>
			<DCCReference Include="Downloaders\downCriticalPast.pas"/>
			<DCCReference Include="Downloaders\downCT.pas"/>
			<DCCReference Include="Downloaders\downCT_wrapper.pas"/>
			<DCCReference Include="Downloaders\downCurrent.pas"/>
			<DCCReference Include="Downloaders\downDailyHaha.pas"/>
			<DCCReference Include="Downloaders\downDeutscheBahn.pas"/>
			<DCCReference Include="Downloaders\downDenik.pas"/>
			<DCCReference Include="Downloaders\downDevilDucky.pas"/>
			<DCCReference Include="Downloaders\downDokumentarniTV.pas"/>
			<DCCReference Include="Downloaders\downDotSub.pas"/>
			<DCCReference Include="Downloaders\downDoubleAgent.pas"/>
			<DCCReference Include="Downloaders\downDUB.pas"/>
			<DCCReference Include="Downloaders\downEbaumsWorld.pas"/>
			<DCCReference Include="Downloaders\downEHow.pas"/>
			<DCCReference Include="Downloaders\downEKucharkaNet.pas"/>
			<DCCReference Include="Downloaders\downESPN.pas"/>
			<DCCReference Include="Downloaders\downEuroGamer.pas"/>
			<DCCReference Include="Downloaders\downEuroseptik.pas"/>
			<DCCReference Include="Downloaders\downEVTV1.pas"/>
			<DCCReference Include="Downloaders\downEyeneer.pas"/>
			<DCCReference Include="Downloaders\downFileCabi.pas"/>
			<DCCReference Include="Downloaders\downFishki.pas"/>
			<DCCReference Include="Downloaders\downFlickr.pas"/>
			<DCCReference Include="Downloaders\downFreeCaster.pas"/>
			<DCCReference Include="Downloaders\downFreeSk.pas"/>
			<DCCReference Include="Downloaders\downFreeRide.pas"/>
			<DCCReference Include="Downloaders\downFreeVideoRu.pas"/>
			<DCCReference Include="Downloaders\downFunnyOrDie.pas"/>
			<DCCReference Include="Downloaders\downG4TV.pas"/>
			<DCCReference Include="Downloaders\downGameAnyone.pas"/>
			<DCCReference Include="Downloaders\downGamePark.pas"/>
			<DCCReference Include="Downloaders\downGameZone.pas"/>
			<DCCReference Include="Downloaders\downGamesTiscaliCz.pas"/>
			<DCCReference Include="Downloaders\downGodTube.pas"/>
			<DCCReference Include="Downloaders\downGoogleVideo_Embed.pas"/>
			<DCCReference Include="Downloaders\downGoogleVideo.pas"/>
			<DCCReference Include="Downloaders\downGordonUraCz.pas"/>
			<DCCReference Include="Downloaders\downGuba.pas"/>
			<DCCReference Include="Downloaders\downGrindTV.pas"/>
			<DCCReference Include="Downloaders\downHasici150.pas"/>
			<DCCReference Include="Downloaders\downHejbejSe.pas"/>
			<DCCReference Include="Downloaders\downHellTV.pas"/>
			<DCCReference Include="Downloaders\downHokejCbCz.pas"/>
			<DCCReference Include="Downloaders\downHokejCz.pas"/>
			<DCCReference Include="Downloaders\downHrej.pas"/>
			<DCCReference Include="Downloaders\downIConcerts.pas"/>
			<DCCReference Include="Downloaders\downIHned.pas"/>
			<DCCReference Include="Downloaders\downILikeBike.pas"/>
			<DCCReference Include="Downloaders\downIViewTube.pas"/>
			<DCCReference Include="Downloaders\downJenProZeny.pas"/>
			<DCCReference Include="Downloaders\downJoj.pas"/>
			<DCCReference Include="Downloaders\downKanalTurk.pas"/>
			<DCCReference Include="Downloaders\downKinobox.pas"/>
			<DCCReference Include="Downloaders\downKiwi.pas"/>
			<DCCReference Include="Downloaders\downKontraband.pas"/>
			<DCCReference Include="Downloaders\downKoukni.pas"/>
			<DCCReference Include="Downloaders\downKukaj.pas"/>
			<DCCReference Include="Downloaders\downLaola1.pas"/>
			<DCCReference Include="Downloaders\downLenkaFilipova.pas"/>
			<DCCReference Include="Downloaders\downLevelTV.pas"/>
			<DCCReference Include="Downloaders\downLibimSeTi.pas"/>
			<DCCReference Include="Downloaders\downLiveLeak.pas"/>
			<DCCReference Include="Downloaders\downLiveLeakEmbedded.pas"/>
			<DCCReference Include="Downloaders\downLiveVideo.pas"/>
			<DCCReference Include="Downloaders\downLoupak.pas"/>
			<DCCReference Include="Downloaders\downMarkiza.pas"/>
			<DCCReference Include="Downloaders\downMarkizaParticka.pas"/>
			<DCCReference Include="Downloaders\downMatrix2001.pas"/>
			<DCCReference Include="Downloaders\downMediaSport.pas"/>
			<DCCReference Include="Downloaders\downMegaVideo.pas"/>
			<DCCReference Include="Downloaders\downMegaVideo_Embed.pas"/>
			<DCCReference Include="Downloaders\downMetaCafe.pas"/>
			<DCCReference Include="Downloaders\downMetooCz.pas"/>
			<DCCReference Include="Downloaders\downMetooSk.pas"/>
			<DCCReference Include="Downloaders\downMetropolCZ.pas"/>
			<DCCReference Include="Downloaders\downMetropolCZ_Zpravy.pas"/>
			<DCCReference Include="Downloaders\downMetropolTV.pas"/>
			<DCCReference Include="Downloaders\downMetroProjekt.pas"/>
			<DCCReference Include="Downloaders\downMojeTelevize.pas"/>
			<DCCReference Include="Downloaders\downMojeVideo.pas"/>
			<DCCReference Include="Downloaders\downMojeVideoSk.pas"/>
			<DCCReference Include="Downloaders\downMovtex.pas"/>
			<DCCReference Include="Downloaders\downMpora.pas"/>
			<DCCReference Include="Downloaders\downMTV.pas"/>
			<DCCReference Include="Downloaders\downMTVEmbed.pas"/>
			<DCCReference Include="Downloaders\downMULitvinov.pas"/>
			<DCCReference Include="Downloaders\downMultimediaVseCz.pas"/>
			<DCCReference Include="Downloaders\downMustWatch.pas"/>
			<DCCReference Include="Downloaders\downMuvi.pas"/>
			<DCCReference Include="Downloaders\downMuzu.pas"/>
			<DCCReference Include="Downloaders\downMySpace.pas"/>
			<DCCReference Include="Downloaders\downMyUbo.pas"/>
			<DCCReference Include="Downloaders\downMyvi.pas"/>
			<DCCReference Include="Downloaders\downMyvi_Embed.pas"/>
			<DCCReference Include="Downloaders\downNaHnoji.pas"/>
			<DCCReference Include="Downloaders\downNaStojaka.pas"/>
			<DCCReference Include="Downloaders\downNBC.pas"/>
			<DCCReference Include="Downloaders\downNebickoVPapulke.pas"/>
			<DCCReference Include="Downloaders\downNHL.pas"/>
			<DCCReference Include="Downloaders\downNJoy.pas"/>
			<DCCReference Include="Downloaders\downNothingToxic.pas"/>
			<DCCReference Include="Downloaders\downNovaMov.pas"/>
			<DCCReference Include="Downloaders\downNovaMov_Embed.pas"/>
			<DCCReference Include="Downloaders\downNRSR.pas"/>
			<DCCReference Include="Downloaders\downOKTeam.pas"/>
			<DCCReference Include="Downloaders\downOsobnostiCZ.pas"/>
			<DCCReference Include="Downloaders\downOverStream.pas"/>
			<DCCReference Include="Downloaders\downOwn3D_Embed.pas"/>
			<DCCReference Include="Downloaders\downPBS.pas"/>
			<DCCReference Include="Downloaders\downPCPlanets.pas"/>
			<DCCReference Include="Downloaders\downPicSpoon.pas"/>
			<DCCReference Include="Downloaders\downPlayFm.pas"/>
			<DCCReference Include="Downloaders\downPlayZone.pas"/>
			<DCCReference Include="Downloaders\downPolarCz.pas"/>
			<DCCReference Include="Downloaders\downPracticalMethod.pas"/>
			<DCCReference Include="Downloaders\downPrahovaHD.pas"/>
			<DCCReference Include="Downloaders\downPrazdninyVTelci.pas"/>
			<DCCReference Include="Downloaders\downProglas.pas"/>
			<DCCReference Include="Downloaders\downProstoPleer.pas"/>
			<DCCReference Include="Downloaders\downPublicTV.pas"/>
			<DCCReference Include="Downloaders\downQipRu_Embed.pas"/>
			<DCCReference Include="Downloaders\downRaajje.pas"/>
			<DCCReference Include="Downloaders\downRajce.pas"/>
			<DCCReference Include="Downloaders\downReflex.pas"/>
			<DCCReference Include="Downloaders\downRevver.pas"/>
			<DCCReference Include="Downloaders\downRingTV.pas"/>
			<DCCReference Include="Downloaders\downRockstarGames.pas"/>
			<DCCReference Include="Downloaders\downRockstarGames_IV.pas"/>
			<DCCReference Include="Downloaders\downRozhlas.pas"/>
			<DCCReference Include="Downloaders\downRTA.pas"/>
			<DCCReference Include="Downloaders\downRTA_Embed.pas"/>
			<DCCReference Include="Downloaders\downRtlNl.pas"/>
			<DCCReference Include="Downloaders\downRuTube.pas"/>
			<DCCReference Include="Downloaders\downSchoolOfCare.pas"/>
			<DCCReference Include="Downloaders\downSerialOnline.pas"/>
			<DCCReference Include="Downloaders\downSevenLoad.pas"/>
			<DCCReference Include="Downloaders\downShackNews.pas"/>
			<DCCReference Include="Downloaders\downSibnet.pas"/>
			<DCCReference Include="Downloaders\downSmeSK.pas"/>
			<DCCReference Include="Downloaders\downSmotri.pas"/>
			<DCCReference Include="Downloaders\downSnotr.pas"/>
			<DCCReference Include="Downloaders\downSoundCloud.pas"/>
			<DCCReference Include="Downloaders\downSpike.pas"/>
			<DCCReference Include="Downloaders\downSportStream.pas"/>
			<DCCReference Include="Downloaders\downStagevu.pas"/>
			<DCCReference Include="Downloaders\downStastneVdovy.pas"/>
			<DCCReference Include="Downloaders\downSteamPowered.pas"/>
			<DCCReference Include="Downloaders\downStickam.pas"/>
			<DCCReference Include="Downloaders\downStream.pas"/>
			<DCCReference Include="Downloaders\downStreetFire.pas"/>
			<DCCReference Include="Downloaders\downStudioPlus.pas"/>
			<DCCReference Include="Downloaders\downStupidVideos.pas"/>
			<DCCReference Include="Downloaders\downTangle.pas"/>
			<DCCReference Include="Downloaders\downTeacherTube.pas"/>
			<DCCReference Include="Downloaders\downTed.pas"/>
			<DCCReference Include="Downloaders\downThatVideoSite.pas"/>
			<DCCReference Include="Downloaders\downTMusic.pas"/>
			<DCCReference Include="Downloaders\downTodaysBigThing.pas"/>
			<DCCReference Include="Downloaders\downTontuyau.pas"/>
			<DCCReference Include="Downloaders\downTopReceptyCZ.pas"/>
			<DCCReference Include="Downloaders\downTotallyCrap.pas"/>
			<DCCReference Include="Downloaders\downTV2Nord.pas"/>
			<DCCReference Include="Downloaders\downTV4PlaySE.pas"/>
			<DCCReference Include="Downloaders\downTVHNOnlineSk.pas"/>
			<DCCReference Include="Downloaders\downTVLux.pas"/>
			<DCCReference Include="Downloaders\downTVNoe.pas"/>
			<DCCReference Include="Downloaders\downTVSpl.pas"/>
			<DCCReference Include="Downloaders\downTVVysocina.pas"/>
			<DCCReference Include="Downloaders\downTyzdenSk.pas"/>
			<DCCReference Include="Downloaders\downUlozTo.pas"/>
			<DCCReference Include="Downloaders\downUniMinnesota.pas"/>
			<DCCReference Include="Downloaders\downUStream.pas"/>
			<DCCReference Include="Downloaders\downVCTV.pas"/>
			<DCCReference Include="Downloaders\downVeeHD.pas"/>
			<DCCReference Include="Downloaders\downVideaCesky.pas"/>
			<DCCReference Include="Downloaders\downVideoAlbumyAzet.pas"/>
			<DCCReference Include="Downloaders\downVideoBB.pas"/>
			<DCCReference Include="Downloaders\downVideoClipsDump.pas"/>
			<DCCReference Include="Downloaders\downVideoPortalSfTV.pas"/>
			<DCCReference Include="Downloaders\downVideu.pas"/>
			<DCCReference Include="Downloaders\downViiSk.pas"/>
			<DCCReference Include="Downloaders\downViki.pas"/>
			<DCCReference Include="Downloaders\downVineCo.pas"/>
			<DCCReference Include="Downloaders\downVitalMtb.pas"/>
			<DCCReference Include="Downloaders\downVKontakteRuEmbed.pas"/>
			<DCCReference Include="Downloaders\downWeGame.pas"/>
			<DCCReference Include="Downloaders\downWimp.pas"/>
			<DCCReference Include="Downloaders\downWordPressTV.pas"/>
			<DCCReference Include="Downloaders\downWorldClub.pas"/>
			<DCCReference Include="Downloaders\downWrzuta.pas"/>
			<DCCReference Include="Downloaders\downYikers.pas"/>
			<DCCReference Include="Downloaders\downYouTube.pas"/>
			<DCCReference Include="Downloaders\downYouTu_Be.pas"/>
			<DCCReference Include="Downloaders\downYouTubeNoCookie.pas"/>
			<DCCReference Include="Downloaders\downZ1TV.pas"/>
			<DCCReference Include="Downloaders\downZAKTV.pas"/>
			<DCCReference Include="Downloaders\downZapiksFr.pas"/>
			<DCCReference Include="Downloaders\downZDF.pas"/>
			<DCCReference Include="Downloaders\downZkoukniTo.pas"/>
			<DCCReference Include="Downloaders\downZkoukniToEmbed.pas"/>
			<DCCReference Include="Downloaders\downZmozek.pas"/>
			<DCCReference Include="Downloaders\XXX\xxx8teenXXX.pas"/>
			<DCCReference Include="Downloaders\XXX\xxxAdultLoop.pas"/>
			<DCCReference Include="Downloaders\XXX\xxxBrazzers.pas"/>
			<DCCReference Include="Downloaders\XXX\xxxCastingXXX.pas"/>
			<DCCReference Include="Downloaders\XXX\xxxDachix.pas"/>
			<DCCReference Include="Downloaders\XXX\xxxDancingBear.pas"/>
			<DCCReference Include="Downloaders\XXX\xxxEmpFlix.pas"/>
			<DCCReference Include="Downloaders\XXX\xxxEmpFlix_V2.pas"/>
			<DCCReference Include="Downloaders\XXX\xxxExtremeTube.pas"/>
			<DCCReference Include="Downloaders\XXX\xxxGavinXXX.pas"/>
			<DCCReference Include="Downloaders\XXX\xxxGrinvi.pas"/>
			<DCCReference Include="Downloaders\XXX\xxxHardSexTube.pas"/>
			<DCCReference Include="Downloaders\XXX\xxxKeezMovies.pas"/>
			<DCCReference Include="Downloaders\XXX\xxxKeezMovies_Embed.pas"/>
			<DCCReference Include="Downloaders\XXX\xxxMachoVideo.pas"/>
			<DCCReference Include="Downloaders\XXX\xxxMegaPorn.pas"/>
			<DCCReference Include="Downloaders\XXX\xxxMentalZero.pas"/>
			<DCCReference Include="Downloaders\XXX\xxxMojePornoSK.pas"/>
			<DCCReference Include="Downloaders\XXX\xxxMotherless.pas"/>
			<DCCReference Include="Downloaders\XXX\xxxPornHost.pas"/>
			<DCCReference Include="Downloaders\XXX\xxxPornoTube.pas"/>
			<DCCReference Include="Downloaders\XXX\xxxPornoZdarma.pas"/>
			<DCCReference Include="Downloaders\XXX\xxxPornTube.pas"/>
			<DCCReference Include="Downloaders\XXX\xxxRawTube.pas"/>
			<DCCReference Include="Downloaders\XXX\xxxRozzlobeniMuzi.pas"/>
			<DCCReference Include="Downloaders\XXX\xxxRude.pas"/>
			<DCCReference Include="Downloaders\XXX\xxxSexDoma.pas"/>
			<DCCReference Include="Downloaders\XXX\xxxShufuni.pas"/>
			<DCCReference Include="Downloaders\XXX\xxxSlutLoad.pas"/>
			<DCCReference Include="Downloaders\XXX\xxxSpankWire.pas"/>
			<DCCReference Include="Downloaders\XXX\xxxTeenMpegs.pas"/>
			<DCCReference Include="Downloaders\XXX\xxxTheYNC.pas"/>
			<DCCReference Include="Downloaders\XXX\xxxTnaFlix.pas"/>
			<DCCReference Include="Downloaders\XXX\xxxTube8.pas"/>
			<DCCReference Include="Downloaders\XXX\xxxTubeSSS.pas"/>
			<DCCReference Include="Downloaders\XXX\xxxXVideoHost.pas"/>
			<DCCReference Include="Downloaders\XXX\xxxXVideos.pas"/>
			<DCCReference Include="Downloaders\XXX\xxxYouJizz.pas"/>
			<DCCReference Include="Downloaders\XXX\xxxYouPorn.pas"/>
			<DCCReference Include="Downloaders\XXX\xxxYuvutu.pas"/>
			<DCCReference Include="Downloaders\XXX\xxxZakulisi.pas"/>
			<DCCReference Include="Downloaders\XXX\xxxZlutySnih.pas"/>
			<DCCReference Include="Downloaders\XXX\xxxZvraceny.pas"/>
			<DCCReference Include="Playlists\listHTML.pas"/>
			<DCCReference Include="Playlists\listHTMLfile.pas"/>
			<DCCReference Include="Playlists\listTXT.pas"/>
			<DCCReference Include="Playlists\listArchive.pas"/>
			<DCCReference Include="Playlists\listBing.pas"/>
			<DCCReference Include="Playlists\listBlipTV.pas"/>
			<DCCReference Include="Playlists\listGameAnyone.pas"/>
			<DCCReference Include="Playlists\listYouTube.pas"/>
			<DCCReference Include="Playlists\listYouTubePage.pas"/>
			<None Include="YTD.version">
				<ContainerId>File</ContainerId>
			</None>
			<None Include="YTD.inc">
				<ContainerId>File</ContainerId>
			</None>
			<BuildConfiguration Include="Base">
				<Key>Base</Key>
			</BuildConfiguration>
			<BuildConfiguration Include="Release">
				<Key>Cfg_1</Key>
				<CfgParent>Base</CfgParent>
			</BuildConfiguration>
			<BuildConfiguration Include="Debug">
				<Key>Cfg_2</Key>
				<CfgParent>Base</CfgParent>
			</BuildConfiguration>
		</ItemGroup>
		<Import Project="$(BDS)\Bin\CodeGear.Delphi.Targets" Condition="Exists('$(BDS)\Bin\CodeGear.Delphi.Targets')"/>
		<ProjectExtensions>
			<Borland.Personality>Delphi.Personality.12</Borland.Personality>
			<Borland.ProjectType>VCLApplication</Borland.ProjectType>
			<BorlandProject>
				<Delphi.Personality>
					<Source>
						<Source Name="MainSource">YTD.dpr</Source>
					</Source>
					<Parameters>
						<Parameters Name="UseLauncher">False</Parameters>
						<Parameters Name="LoadAllSymbols">True</Parameters>
						<Parameters Name="LoadUnspecifiedSymbols">False</Parameters>
						<Parameters Name="RunParams">--gui</Parameters>
					</Parameters>
					<VersionInfo>
						<VersionInfo Name="IncludeVerInfo">True</VersionInfo>
						<VersionInfo Name="AutoIncBuild">True</VersionInfo>
						<VersionInfo Name="MajorVer">1</VersionInfo>
						<VersionInfo Name="MinorVer">56</VersionInfo>
						<VersionInfo Name="Release">0</VersionInfo>
						<VersionInfo Name="Build">1374</VersionInfo>
						<VersionInfo Name="Debug">False</VersionInfo>
						<VersionInfo Name="PreRelease">False</VersionInfo>
						<VersionInfo Name="Special">False</VersionInfo>
						<VersionInfo Name="Private">False</VersionInfo>
						<VersionInfo Name="DLL">True</VersionInfo>
						<VersionInfo Name="Locale">1033</VersionInfo>
						<VersionInfo Name="CodePage">1250</VersionInfo>
					</VersionInfo>
					<VersionInfoKeys>
						<VersionInfoKeys Name="CompanyName">Pepak</VersionInfoKeys>
						<VersionInfoKeys Name="FileDescription">YTD</VersionInfoKeys>
						<VersionInfoKeys Name="FileVersion">1.56.0.1374</VersionInfoKeys>
						<VersionInfoKeys Name="InternalName">YTD</VersionInfoKeys>
						<VersionInfoKeys Name="LegalCopyright">(c) 2010-16 Pepak</VersionInfoKeys>
						<VersionInfoKeys Name="LegalTrademarks"/>
						<VersionInfoKeys Name="OriginalFilename">ytd.exe</VersionInfoKeys>
						<VersionInfoKeys Name="ProductName">YTD</VersionInfoKeys>
						<VersionInfoKeys Name="ProductVersion">1.56.0.1374</VersionInfoKeys>
						<VersionInfoKeys Name="Comments">http://www.pepak.net/ytd</VersionInfoKeys>
					</VersionInfoKeys>
				</Delphi.Personality>
			</BorlandProject>
			<ProjectFileVersion>12</ProjectFileVersion>
		</ProjectExtensions>
	</Project>

<!-- EurekaLog First Line
[Exception Log]
EurekaLog Version=7007
Activate=0
boCatchHandledExceptions=1
boHandleSafeCallExceptions=1
boPauseWindowsThreads=1
boUseMainModuleOptions=1
CompatibilityMode=1
csoAllowedRenderMethods=8
csoDisabledRenderMethods=-2
csoShowWindowsThreads=1
DeleteMapAfterCompile=0
Dialog Class="TEurekaLogDialog"
Email Address=""
Email Object=""
Encrypt Password=""
Errors Number=32
Errors Terminate=3
Foreground Tab=0
Freeze Timeout=60
loEnableMMDebugMode=1
loFreeAllLeaks=1
loHideRTLLeaks=0
loMaxLeaks=1024
loOnlyUnderIDE=0
loProcessesSection=1
mtDialog_ErrorMsgCaption="An error has occurred during program execution.\r\nPlease read the following information for further details."
mtException_LeakMemoryOverrun="Memory Overrun leak."
mtException_LeakMultiFree="Multi Free memory leak."
mtFileCrackedMsg="This file is cracked.\r\nThe application will be closed."
mtLog_OSCharset="Charset"
mtLog_OSLanguage="Language"
mtMSDialog_DescriptionCaption="We have created an error report that you can send to us. We will treat this report as confidential and anonymous."
mtMSDialog_EmailCaption="Email address (optional):"
mtMSDialog_ErrorMsgCaption="The application has encountered a problem. We are sorry for the inconvenience."
mtMSDialog_RestartCaption="Restart application."
mtMSDialog_SeeDetailsCaption="To see what data the error report contains,"
mtMSDialog_TerminateCaption="Terminate application."
mtReproduceDialog_Caption="Request"
mtSend_BugClosedMsg="These BUG is just closed.\r\nContact the program support to obtain an update."
mtSend_FailureMsg="Sorry, sending the message didn't work."
mtSend_SuccessMsg="The message was sent successfully."
mtSendDialog_Caption="Send."
mtSendDialog_Connected="Connected with server."
mtSendDialog_Connecting="Connecting with server..."
mtSendDialog_Login="Login..."
mtSendDialog_SelectProject="Select project..."
Output Path=""
SMTP From="eurekalog@email.com"
SMTP Host=""
SMTP UserID=""
sndAddDateInFileName=0
sndScreenshot=3
sndSendInSeparatedThread=0
sndShowFailureMsg=0
sndShowSuccessMsg=0
soActCtlsControlClass=1
soActCtlsControlText=1
soActCtlsFormClass=1
soActCtlsFormText=1
soAppCompilationDate=1
soAppName=1
soAppParameters=1
soAppStartDate=1
soAppUpTime=1
soAppVersionNumber=1
soCmpDisplayDPI=1
soCmpDisplayMode=1
soCmpFreeDisk=1
soCmpFreeMemory=1
soCmpName=1
soCmpPrinter=1
soCmpProcessor=1
soCmpSysUpTime=1
soCmpTotalDisk=1
soCmpTotalMemory=1
soCmpVideoCard=1
soCustomData=1
soExcCount=1
soExcDate=1
soExcModuleName=1
soExcModuleVersion=1
soExcNote=1
soExcStatus=1
soNetDHCP=1
soNetDNS1=1
soNetDNS2=1
soNetGateway=1
soNetIP=1
soNetSubmask=1
soOSBuildN=1
soOSCharset=1
soOSLanguage=1
soOSType=1
soOSUpdate=1
soUserCompany=1
soUserID=1
soUserPrivileges=1
TextsCollection=""
TrakerUser=""
WebPort=0
WebURL=""
EurekaLog Last Line -->
